
Microsoft Visual Studio Solution File, Format Version 12.00
# Visual Studio Version 17
VisualStudioVersion = 17.9.34902.65
MinimumVisualStudioVersion = 10.0.40219.1
Project("{FAE04EC0-301F-11D3-BF4B-00C04F79EFBC}") = "Neth Mobiles Management System", "Neth Mobiles Management System\Neth Mobiles Management System.csproj", "{5D5DBB9E-EBE8-42DF-90C8-4FFFDC31410C}"
EndProject
Global
	GlobalSection(SolutionConfigurationPlatforms) = preSolution
		Debug|Any CPU = Debug|Any CPU
		Release|Any CPU = Release|Any CPU
	EndGlobalSection
	GlobalSection(ProjectConfigurationPlatforms) = postSolution
		{5D5DBB9E-EBE8-42DF-90C8-4FFFDC31410C}.Debug|Any CPU.ActiveCfg = Debug|Any CPU
		{5D5DBB9E-EBE8-42DF-90C8-4FFFDC31410C}.Debug|Any CPU.Build.0 = Debug|Any CPU
		{5D5DBB9E-EBE8-42DF-90C8-4FFFDC31410C}.Release|Any CPU.ActiveCfg = Release|Any CPU
		{5D5DBB9E-EBE8-42DF-90C8-4FFFDC31410C}.Release|Any CPU.Build.0 = Release|Any CPU
	EndGlobalSection
	GlobalSection(SolutionProperties) = preSolution
		HideSolutionNode = FALSE
	EndGlobalSection
	GlobalSection(ExtensibilityGlobals) = postSolution
		SolutionGuid = {E2829A07-205D-4947-A1F7-8B0778C87336}
	EndGlobalSection
EndGlobal
